# This file is automatically @generated by Cargo.
# It is not intended for manual editing.
version = 4

[[package]]
name = "decimal-rs"
version = "0.1.43"
source = "registry+https://github.com/rust-lang/crates.io-index"
checksum = "da0ad9d041ab836f528b91b4f4039feda1091adbef4d85850eac6b3d2f9cd6f3"
dependencies = [
 "stack-buf",
]

[[package]]
name = "rounded-div"
version = "0.1.3"
dependencies = [
 "decimal-rs",
]

[[package]]
name = "stack-buf"
version = "0.1.6"
source = "registry+https://github.com/rust-lang/crates.io-index"
checksum = "e7386b49cb287f6fafbfd3bd604914bccb99fb8d53483f40e1ecfda5d45f3370"
